# THIS IS AN AUTOGENERATED FILE. DO NOT EDIT THIS FILE DIRECTLY.
# yarn lockfile v1


ammo@2.x.x:
  version "2.0.3"
  resolved "https://registry.yarnpkg.com/ammo/-/ammo-2.0.3.tgz#914bbcf65b043ed0f58a8a9d0196e250ec51e6a7"
  dependencies:
    boom "4.x.x"
    hoek "4.x.x"

array-uniq@1.0.2:
  version "1.0.2"
  resolved "http://npme.walmart.com/array-uniq/-/array-uniq-1.0.2.tgz#5fcc373920775723cfd64d65c64bef53bf9eba6d"

boom@4.x.x:
  version "4.3.1"
  resolved "https://registry.yarnpkg.com/boom/-/boom-4.3.1.tgz#4f8a3005cb4a7e3889f749030fd25b96e01d2e31"
  dependencies:
    hoek "4.x.x"

electrode-ota-server-diregister@^2.0.0-beta-3:
  version "2.0.0-beta-3"
  resolved "http://npme.walmart.com/electrode-ota-server-diregister/-/electrode-ota-server-diregister-2.0.0-beta-3.tgz#d0a321461c79443f5cb7670bad1f76e45550e6f1"

electrode-ota-server-service-fileservice@^2.0.0-beta-3:
  version "2.0.0-beta-3"
  resolved "http://npme.walmart.com/electrode-ota-server-service-fileservice/-/electrode-ota-server-service-fileservice-2.0.0-beta-3.tgz#838fab58f4612b05d82d4ed5b6631640a67b8db4"
  dependencies:
    electrode-ota-server-diregister "^2.0.0-beta-3"
    electrode-ota-server-util "^2.0.0-beta-3"

electrode-ota-server-util@^2.0.0-beta-3:
  version "2.0.0-beta-3"
  resolved "http://npme.walmart.com/electrode-ota-server-util/-/electrode-ota-server-util-2.0.0-beta-3.tgz#817d760d1f079e22751b5f0948a13e6f2ff42851"
  dependencies:
    electrode-ota-server-diregister "^2.0.0-beta-3"
    randomstring "^1.1.5"

hoek@4.x.x:
  version "4.1.1"
  resolved "https://registry.yarnpkg.com/hoek/-/hoek-4.1.1.tgz#9cc573ffba2b7b408fb5e9c2a13796be94cddce9"

inert@^4.2.0:
  version "4.2.0"
  resolved "https://registry.yarnpkg.com/inert/-/inert-4.2.0.tgz#6aa5da8ce19982eb72aabef4bdda64fd6750b005"
  dependencies:
    ammo "2.x.x"
    boom "4.x.x"
    hoek "4.x.x"
    items "2.x.x"
    joi "10.x.x"
    lru-cache "4.0.x"

isemail@2.x.x:
  version "2.2.1"
  resolved "https://registry.yarnpkg.com/isemail/-/isemail-2.2.1.tgz#0353d3d9a62951080c262c2aa0a42b8ea8e9e2a6"

items@2.x.x:
  version "2.1.1"
  resolved "https://registry.yarnpkg.com/items/-/items-2.1.1.tgz#8bd16d9c83b19529de5aea321acaada78364a198"

joi@10.x.x:
  version "10.4.1"
  resolved "https://registry.yarnpkg.com/joi/-/joi-10.4.1.tgz#a2fca1f0d603d1b843f2c1e086b52461f6be1f36"
  dependencies:
    hoek "4.x.x"
    isemail "2.x.x"
    items "2.x.x"
    topo "2.x.x"

lru-cache@4.0.x:
  version "4.0.2"
  resolved "https://registry.yarnpkg.com/lru-cache/-/lru-cache-4.0.2.tgz#1d17679c069cda5d040991a09dbc2c0db377e55e"
  dependencies:
    pseudomap "^1.0.1"
    yallist "^2.0.0"

pseudomap@^1.0.1:
  version "1.0.2"
  resolved "https://registry.yarnpkg.com/pseudomap/-/pseudomap-1.0.2.tgz#f052a28da70e618917ef0a8ac34c1ae5a68286b3"

randomstring@^1.1.5:
  version "1.1.5"
  resolved "http://npme.walmart.com/randomstring/-/randomstring-1.1.5.tgz#6df0628f75cbd5932930d9fe3ab4e956a18518c3"
  dependencies:
    array-uniq "1.0.2"

topo@2.x.x:
  version "2.0.2"
  resolved "https://registry.yarnpkg.com/topo/-/topo-2.0.2.tgz#cd5615752539057c0dc0491a621c3bc6fbe1d182"
  dependencies:
    hoek "4.x.x"

yallist@^2.0.0:
  version "2.1.2"
  resolved "https://registry.yarnpkg.com/yallist/-/yallist-2.1.2.tgz#1c11f9218f076089a47dd512f93c6699a6a81d52"
